// !$*UTF8*$!
{
	archiveVersion = 1;
	classes = {
	};
	objectVersion = 56;
	objects = {

/* Begin PBXBuildFile section */
		50A3DEEE6E47BA03A1BBDA6A /* Pods_Kosher_in_Korea.framework in Frameworks */ = {isa = PBXBuildFile; fileRef = 4F2991D35802F9B09918628C /* Pods_Kosher_in_Korea.framework */; };
		7374D27B2A7BF65200D22D37 /* FacebookAEM in Frameworks */ = {isa = PBXBuildFile; productRef = 7374D27A2A7BF65200D22D37 /* FacebookAEM */; };
		7374D27D2A7BF65200D22D37 /* FacebookBasics in Frameworks */ = {isa = PBXBuildFile; productRef = 7374D27C2A7BF65200D22D37 /* FacebookBasics */; };
		7374D27F2A7BF65200D22D37 /* FacebookCore in Frameworks */ = {isa = PBXBuildFile; productRef = 7374D27E2A7BF65200D22D37 /* FacebookCore */; };
		7374D2812A7BF65200D22D37 /* FacebookLogin in Frameworks */ = {isa = PBXBuildFile; productRef = 7374D2802A7BF65200D22D37 /* FacebookLogin */; };
		7374D2832A7BF65200D22D37 /* FacebookShare in Frameworks */ = {isa = PBXBuildFile; productRef = 7374D2822A7BF65200D22D37 /* FacebookShare */; };
		7374D2862A7BF66700D22D37 /* GoogleSignIn in Frameworks */ = {isa = PBXBuildFile; productRef = 7374D2852A7BF66700D22D37 /* GoogleSignIn */; };
		7374D2882A7BF66700D22D37 /* GoogleSignInSwift in Frameworks */ = {isa = PBXBuildFile; productRef = 7374D2872A7BF66700D22D37 /* GoogleSignInSwift */; };
		D56355352A86A24600BF62B7 /* AccountVC.swift in Sources */ = {isa = PBXBuildFile; fileRef = D56355342A86A24600BF62B7 /* AccountVC.swift */; };
		D5F355C62A8A163700BA70F7 /* FinalReservationVC.swift in Sources */ = {isa = PBXBuildFile; fileRef = D5F355C52A8A163700BA70F7 /* FinalReservationVC.swift */; };
		FF390B1C2A80B7C30011D973 /* RestaurantVC.swift in Sources */ = {isa = PBXBuildFile; fileRef = FF390B1B2A80B7C30011D973 /* RestaurantVC.swift */; };
		FF390B1E2A80CC590011D973 /* SelectionOptionVC.swift in Sources */ = {isa = PBXBuildFile; fileRef = FF390B1D2A80CC590011D973 /* SelectionOptionVC.swift */; };
		FF390B202A80F2E60011D973 /* Payment.storyboard in Resources */ = {isa = PBXBuildFile; fileRef = FF390B1F2A80F2E60011D973 /* Payment.storyboard */; };
		FF390B222A80F2F30011D973 /* PaymentVC.swift in Sources */ = {isa = PBXBuildFile; fileRef = FF390B212A80F2F30011D973 /* PaymentVC.swift */; };
		FF390B292A8108380011D973 /* OrderSheetVC.swift in Sources */ = {isa = PBXBuildFile; fileRef = FF390B282A8108380011D973 /* OrderSheetVC.swift */; };
		FF390B2B2A8122400011D973 /* ProductDelegate.swift in Sources */ = {isa = PBXBuildFile; fileRef = FF390B2A2A8122400011D973 /* ProductDelegate.swift */; };
		FF390B2D2A8141050011D973 /* MyCartVC.swift in Sources */ = {isa = PBXBuildFile; fileRef = FF390B2C2A8141050011D973 /* MyCartVC.swift */; };
		FF390B2F2A81583A0011D973 /* MyCartCell.swift in Sources */ = {isa = PBXBuildFile; fileRef = FF390B2E2A81583A0011D973 /* MyCartCell.swift */; };
		FF3F71B32A603F7A00067530 /* SearchVC.swift in Sources */ = {isa = PBXBuildFile; fileRef = FF3F71B22A603F7A00067530 /* SearchVC.swift */; };
		FF3F71C42A6056F200067530 /* StackNavigation.swift in Sources */ = {isa = PBXBuildFile; fileRef = FF3F71C32A6056F200067530 /* StackNavigation.swift */; };
		FF3F71C62A605A7800067530 /* VCData.swift in Sources */ = {isa = PBXBuildFile; fileRef = FF3F71C52A605A7800067530 /* VCData.swift */; };
		FF3F71CE2A60605300067530 /* AddressSearchVC.swift in Sources */ = {isa = PBXBuildFile; fileRef = FF3F71CD2A60605300067530 /* AddressSearchVC.swift */; };
		FF46E5032A85509D00E40994 /* Alamofire in Frameworks */ = {isa = PBXBuildFile; productRef = FF46E5022A85509D00E40994 /* Alamofire */; };
		FF46E5052A8552A500E40994 /* ReservationData.swift in Sources */ = {isa = PBXBuildFile; fileRef = FF46E5042A8552A500E40994 /* ReservationData.swift */; };
		FF46E5072A855ACB00E40994 /* MyCartData.swift in Sources */ = {isa = PBXBuildFile; fileRef = FF46E5062A855ACB00E40994 /* MyCartData.swift */; };
		FF57933F2A611C4000FA65D5 /* OrderVC.swift in Sources */ = {isa = PBXBuildFile; fileRef = FF57933E2A611C4000FA65D5 /* OrderVC.swift */; };
		FF5B323B2A6029300030E5FB /* AppDelegate.swift in Sources */ = {isa = PBXBuildFile; fileRef = FF5B323A2A6029300030E5FB /* AppDelegate.swift */; };
		FF5B323D2A6029300030E5FB /* SceneDelegate.swift in Sources */ = {isa = PBXBuildFile; fileRef = FF5B323C2A6029300030E5FB /* SceneDelegate.swift */; };
		FF5B323F2A6029300030E5FB /* HomeVC.swift in Sources */ = {isa = PBXBuildFile; fileRef = FF5B323E2A6029300030E5FB /* HomeVC.swift */; };
		FF5B32422A6029300030E5FB /* Main.storyboard in Resources */ = {isa = PBXBuildFile; fileRef = FF5B32402A6029300030E5FB /* Main.storyboard */; };
		FF5B32442A6029310030E5FB /* Assets.xcassets in Resources */ = {isa = PBXBuildFile; fileRef = FF5B32432A6029310030E5FB /* Assets.xcassets */; };
		FF5B32472A6029310030E5FB /* LaunchScreen.storyboard in Resources */ = {isa = PBXBuildFile; fileRef = FF5B32452A6029310030E5FB /* LaunchScreen.storyboard */; };
		FF5B32552A602A8C0030E5FB /* DateSelectVC.swift in Sources */ = {isa = PBXBuildFile; fileRef = FF5B32542A602A8C0030E5FB /* DateSelectVC.swift */; };
		FF5B84F92A756D150023818F /* ProductCell.swift in Sources */ = {isa = PBXBuildFile; fileRef = FF5B84F82A756D150023818F /* ProductCell.swift */; };
		FF5B84FB2A756D330023818F /* ProductData.swift in Sources */ = {isa = PBXBuildFile; fileRef = FF5B84FA2A756D330023818F /* ProductData.swift */; };
		FF7845792A666A9300E2A663 /* RestaurantData.swift in Sources */ = {isa = PBXBuildFile; fileRef = FF7845782A666A9300E2A663 /* RestaurantData.swift */; };
		FF78457B2A666B9900E2A663 /* RestaurantCell.swift in Sources */ = {isa = PBXBuildFile; fileRef = FF78457A2A666B9900E2A663 /* RestaurantCell.swift */; };
		FF8408BD2A86513B00216CDE /* Login.storyboard in Resources */ = {isa = PBXBuildFile; fileRef = FF8408BC2A86513B00216CDE /* Login.storyboard */; };
		FF8408BF2A86515F00216CDE /* LoginVC.swift in Sources */ = {isa = PBXBuildFile; fileRef = FF8408BE2A86515F00216CDE /* LoginVC.swift */; };
		FF8408C12A86516A00216CDE /* Login_Checkbox.swift in Sources */ = {isa = PBXBuildFile; fileRef = FF8408C02A86516A00216CDE /* Login_Checkbox.swift */; };
		FF8408C32A865D2000216CDE /* Reservation.storyboard in Resources */ = {isa = PBXBuildFile; fileRef = FF8408C22A865D2000216CDE /* Reservation.storyboard */; };
		FF8408C52A86765300216CDE /* ProductOrderVC.swift in Sources */ = {isa = PBXBuildFile; fileRef = FF8408C42A86765300216CDE /* ProductOrderVC.swift */; };
		FF8408C72A867C1300216CDE /* RestaurantDetailsVC.swift in Sources */ = {isa = PBXBuildFile; fileRef = FF8408C62A867C1300216CDE /* RestaurantDetailsVC.swift */; };
		FFB6721C2A6A959800A1269B /* HomeData.swift in Sources */ = {isa = PBXBuildFile; fileRef = FFB6721B2A6A959800A1269B /* HomeData.swift */; };
		FFD5E5F32A6BE37A00C95FEE /* ReservationVC.swift in Sources */ = {isa = PBXBuildFile; fileRef = FFD5E5F22A6BE37A00C95FEE /* ReservationVC.swift */; };
/* End PBXBuildFile section */

/* Begin PBXFileReference section */
		22B5FDF27EB157D797032779 /* Pods-Kosher_in_Korea.debug.xcconfig */ = {isa = PBXFileReference; includeInIndex = 1; lastKnownFileType = text.xcconfig; name = "Pods-Kosher_in_Korea.debug.xcconfig"; path = "Target Support Files/Pods-Kosher_in_Korea/Pods-Kosher_in_Korea.debug.xcconfig"; sourceTree = "<group>"; };
		4F2991D35802F9B09918628C /* Pods_Kosher_in_Korea.framework */ = {isa = PBXFileReference; explicitFileType = wrapper.framework; includeInIndex = 0; path = Pods_Kosher_in_Korea.framework; sourceTree = BUILT_PRODUCTS_DIR; };
		518FF1A28463CBCD56ACB3C8 /* Pods-Kosher_in_Korea.release.xcconfig */ = {isa = PBXFileReference; includeInIndex = 1; lastKnownFileType = text.xcconfig; name = "Pods-Kosher_in_Korea.release.xcconfig"; path = "Target Support Files/Pods-Kosher_in_Korea/Pods-Kosher_in_Korea.release.xcconfig"; sourceTree = "<group>"; };
		D56355342A86A24600BF62B7 /* AccountVC.swift */ = {isa = PBXFileReference; lastKnownFileType = sourcecode.swift; name = AccountVC.swift; path = "../../../../Hanyang ERICA/Kosher-in-Korea_iOS/Kosher_in_Korea/Home/Controller/AccountVC.swift"; sourceTree = "<group>"; };
		D5F355C52A8A163700BA70F7 /* FinalReservationVC.swift */ = {isa = PBXFileReference; lastKnownFileType = sourcecode.swift; path = FinalReservationVC.swift; sourceTree = "<group>"; };
		FF390B1B2A80B7C30011D973 /* RestaurantVC.swift */ = {isa = PBXFileReference; lastKnownFileType = sourcecode.swift; path = RestaurantVC.swift; sourceTree = "<group>"; };
		FF390B1D2A80CC590011D973 /* SelectionOptionVC.swift */ = {isa = PBXFileReference; lastKnownFileType = sourcecode.swift; path = SelectionOptionVC.swift; sourceTree = "<group>"; };
		FF390B1F2A80F2E60011D973 /* Payment.storyboard */ = {isa = PBXFileReference; lastKnownFileType = file.storyboard; path = Payment.storyboard; sourceTree = "<group>"; };
		FF390B212A80F2F30011D973 /* PaymentVC.swift */ = {isa = PBXFileReference; lastKnownFileType = sourcecode.swift; path = PaymentVC.swift; sourceTree = "<group>"; };
		FF390B282A8108380011D973 /* OrderSheetVC.swift */ = {isa = PBXFileReference; lastKnownFileType = sourcecode.swift; path = OrderSheetVC.swift; sourceTree = "<group>"; };
		FF390B2A2A8122400011D973 /* ProductDelegate.swift */ = {isa = PBXFileReference; lastKnownFileType = sourcecode.swift; path = ProductDelegate.swift; sourceTree = "<group>"; };
		FF390B2C2A8141050011D973 /* MyCartVC.swift */ = {isa = PBXFileReference; lastKnownFileType = sourcecode.swift; path = MyCartVC.swift; sourceTree = "<group>"; };
		FF390B2E2A81583A0011D973 /* MyCartCell.swift */ = {isa = PBXFileReference; lastKnownFileType = sourcecode.swift; path = MyCartCell.swift; sourceTree = "<group>"; };
		FF3F71B22A603F7A00067530 /* SearchVC.swift */ = {isa = PBXFileReference; lastKnownFileType = sourcecode.swift; path = SearchVC.swift; sourceTree = "<group>"; };
		FF3F71C32A6056F200067530 /* StackNavigation.swift */ = {isa = PBXFileReference; lastKnownFileType = sourcecode.swift; path = StackNavigation.swift; sourceTree = "<group>"; };
		FF3F71C52A605A7800067530 /* VCData.swift */ = {isa = PBXFileReference; lastKnownFileType = sourcecode.swift; path = VCData.swift; sourceTree = "<group>"; };
		FF3F71CD2A60605300067530 /* AddressSearchVC.swift */ = {isa = PBXFileReference; lastKnownFileType = sourcecode.swift; path = AddressSearchVC.swift; sourceTree = "<group>"; };
		FF46E5042A8552A500E40994 /* ReservationData.swift */ = {isa = PBXFileReference; lastKnownFileType = sourcecode.swift; path = ReservationData.swift; sourceTree = "<group>"; };
		FF46E5062A855ACB00E40994 /* MyCartData.swift */ = {isa = PBXFileReference; lastKnownFileType = sourcecode.swift; path = MyCartData.swift; sourceTree = "<group>"; };
		FF57933E2A611C4000FA65D5 /* OrderVC.swift */ = {isa = PBXFileReference; lastKnownFileType = sourcecode.swift; path = OrderVC.swift; sourceTree = "<group>"; };
		FF5B32372A6029300030E5FB /* Kosher_in_Korea.app */ = {isa = PBXFileReference; explicitFileType = wrapper.application; includeInIndex = 0; path = Kosher_in_Korea.app; sourceTree = BUILT_PRODUCTS_DIR; };
		FF5B323A2A6029300030E5FB /* AppDelegate.swift */ = {isa = PBXFileReference; lastKnownFileType = sourcecode.swift; path = AppDelegate.swift; sourceTree = "<group>"; };
		FF5B323C2A6029300030E5FB /* SceneDelegate.swift */ = {isa = PBXFileReference; lastKnownFileType = sourcecode.swift; path = SceneDelegate.swift; sourceTree = "<group>"; };
		FF5B323E2A6029300030E5FB /* HomeVC.swift */ = {isa = PBXFileReference; lastKnownFileType = sourcecode.swift; path = HomeVC.swift; sourceTree = "<group>"; };
		FF5B32412A6029300030E5FB /* Base */ = {isa = PBXFileReference; lastKnownFileType = file.storyboard; name = Base; path = Base.lproj/Main.storyboard; sourceTree = "<group>"; };
		FF5B32432A6029310030E5FB /* Assets.xcassets */ = {isa = PBXFileReference; lastKnownFileType = folder.assetcatalog; path = Assets.xcassets; sourceTree = "<group>"; };
		FF5B32462A6029310030E5FB /* Base */ = {isa = PBXFileReference; lastKnownFileType = file.storyboard; name = Base; path = Base.lproj/LaunchScreen.storyboard; sourceTree = "<group>"; };
		FF5B32482A6029310030E5FB /* Info.plist */ = {isa = PBXFileReference; lastKnownFileType = text.plist.xml; path = Info.plist; sourceTree = "<group>"; };
		FF5B32542A602A8C0030E5FB /* DateSelectVC.swift */ = {isa = PBXFileReference; lastKnownFileType = sourcecode.swift; path = DateSelectVC.swift; sourceTree = "<group>"; };
		FF5B84F82A756D150023818F /* ProductCell.swift */ = {isa = PBXFileReference; lastKnownFileType = sourcecode.swift; path = ProductCell.swift; sourceTree = "<group>"; };
		FF5B84FA2A756D330023818F /* ProductData.swift */ = {isa = PBXFileReference; lastKnownFileType = sourcecode.swift; path = ProductData.swift; sourceTree = "<group>"; };
		FF7845782A666A9300E2A663 /* RestaurantData.swift */ = {isa = PBXFileReference; lastKnownFileType = sourcecode.swift; path = RestaurantData.swift; sourceTree = "<group>"; };
		FF78457A2A666B9900E2A663 /* RestaurantCell.swift */ = {isa = PBXFileReference; lastKnownFileType = sourcecode.swift; path = RestaurantCell.swift; sourceTree = "<group>"; };
		FF8408BC2A86513B00216CDE /* Login.storyboard */ = {isa = PBXFileReference; fileEncoding = 4; lastKnownFileType = file.storyboard; path = Login.storyboard; sourceTree = "<group>"; };
		FF8408BE2A86515F00216CDE /* LoginVC.swift */ = {isa = PBXFileReference; fileEncoding = 4; lastKnownFileType = sourcecode.swift; path = LoginVC.swift; sourceTree = "<group>"; };
		FF8408C02A86516A00216CDE /* Login_Checkbox.swift */ = {isa = PBXFileReference; fileEncoding = 4; lastKnownFileType = sourcecode.swift; path = Login_Checkbox.swift; sourceTree = "<group>"; };
		FF8408C22A865D2000216CDE /* Reservation.storyboard */ = {isa = PBXFileReference; lastKnownFileType = file.storyboard; path = Reservation.storyboard; sourceTree = "<group>"; };
		FF8408C42A86765300216CDE /* ProductOrderVC.swift */ = {isa = PBXFileReference; lastKnownFileType = sourcecode.swift; path = ProductOrderVC.swift; sourceTree = "<group>"; };
		FF8408C62A867C1300216CDE /* RestaurantDetailsVC.swift */ = {isa = PBXFileReference; lastKnownFileType = sourcecode.swift; path = RestaurantDetailsVC.swift; sourceTree = "<group>"; };
		FFB6721B2A6A959800A1269B /* HomeData.swift */ = {isa = PBXFileReference; lastKnownFileType = sourcecode.swift; path = HomeData.swift; sourceTree = "<group>"; };
		FFD5E5F22A6BE37A00C95FEE /* ReservationVC.swift */ = {isa = PBXFileReference; lastKnownFileType = sourcecode.swift; path = ReservationVC.swift; sourceTree = "<group>"; };
/* End PBXFileReference section */

/* Begin PBXFrameworksBuildPhase section */
		FF5B32342A6029300030E5FB /* Frameworks */ = {
			isa = PBXFrameworksBuildPhase;
			buildActionMask = 2147483647;
			files = (
				FF46E5032A85509D00E40994 /* Alamofire in Frameworks */,
				7374D2812A7BF65200D22D37 /* FacebookLogin in Frameworks */,
				7374D27D2A7BF65200D22D37 /* FacebookBasics in Frameworks */,
				7374D2832A7BF65200D22D37 /* FacebookShare in Frameworks */,
				7374D2882A7BF66700D22D37 /* GoogleSignInSwift in Frameworks */,
				7374D27B2A7BF65200D22D37 /* FacebookAEM in Frameworks */,
				50A3DEEE6E47BA03A1BBDA6A /* Pods_Kosher_in_Korea.framework in Frameworks */,
				7374D27F2A7BF65200D22D37 /* FacebookCore in Frameworks */,
				7374D2862A7BF66700D22D37 /* GoogleSignIn in Frameworks */,
			);
			runOnlyForDeploymentPostprocessing = 0;
		};
/* End PBXFrameworksBuildPhase section */

/* Begin PBXGroup section */
		56A29AB04BAC57EAABCFDF7A /* Pods */ = {
			isa = PBXGroup;
			children = (
				22B5FDF27EB157D797032779 /* Pods-Kosher_in_Korea.debug.xcconfig */,
				518FF1A28463CBCD56ACB3C8 /* Pods-Kosher_in_Korea.release.xcconfig */,
			);
			path = Pods;
			sourceTree = "<group>";
		};
		65119AA8CEA3C59FABE58D45 /* Frameworks */ = {
			isa = PBXGroup;
			children = (
				4F2991D35802F9B09918628C /* Pods_Kosher_in_Korea.framework */,
			);
			name = Frameworks;
			sourceTree = "<group>";
		};
		FF390B232A80F3470011D973 /* Delegate */ = {
			isa = PBXGroup;
			children = (
				FF5B323A2A6029300030E5FB /* AppDelegate.swift */,
				FF5B323C2A6029300030E5FB /* SceneDelegate.swift */,
				FF390B2A2A8122400011D973 /* ProductDelegate.swift */,
			);
			path = Delegate;
			sourceTree = "<group>";
		};
		FF390B242A80F37E0011D973 /* Payment */ = {
			isa = PBXGroup;
			children = (
				FF390B272A80F3950011D973 /* Model */,
				FF390B262A80F3900011D973 /* View */,
				FF390B252A80F3880011D973 /* Controller */,
			);
			path = Payment;
			sourceTree = "<group>";
		};
		FF390B252A80F3880011D973 /* Controller */ = {
			isa = PBXGroup;
			children = (
				FF390B212A80F2F30011D973 /* PaymentVC.swift */,
				FF390B282A8108380011D973 /* OrderSheetVC.swift */,
			);
			path = Controller;
			sourceTree = "<group>";
		};
		FF390B262A80F3900011D973 /* View */ = {
			isa = PBXGroup;
			children = (
				FF390B1F2A80F2E60011D973 /* Payment.storyboard */,
			);
			path = View;
			sourceTree = "<group>";
		};
		FF390B272A80F3950011D973 /* Model */ = {
			isa = PBXGroup;
			children = (
			);
			path = Model;
			sourceTree = "<group>";
		};
		FF3F71C22A6056C600067530 /* Utils */ = {
			isa = PBXGroup;
			children = (
				FF3F71C32A6056F200067530 /* StackNavigation.swift */,
				FF3F71C52A605A7800067530 /* VCData.swift */,
			);
			path = Utils;
			sourceTree = "<group>";
		};
		FF5B322E2A6029300030E5FB = {
			isa = PBXGroup;
			children = (
				FF5B32392A6029300030E5FB /* Kosher_in_Korea */,
				FF5B32382A6029300030E5FB /* Products */,
				56A29AB04BAC57EAABCFDF7A /* Pods */,
				65119AA8CEA3C59FABE58D45 /* Frameworks */,
			);
			sourceTree = "<group>";
		};
		FF5B32382A6029300030E5FB /* Products */ = {
			isa = PBXGroup;
			children = (
				FF5B32372A6029300030E5FB /* Kosher_in_Korea.app */,
			);
			name = Products;
			sourceTree = "<group>";
		};
		FF5B32392A6029300030E5FB /* Kosher_in_Korea */ = {
			isa = PBXGroup;
			children = (
				FF390B242A80F37E0011D973 /* Payment */,
				FF390B232A80F3470011D973 /* Delegate */,
				FF78457C2A66FA4600E2A663 /* Home */,
				FF3F71C22A6056C600067530 /* Utils */,
				FF5B32432A6029310030E5FB /* Assets.xcassets */,
				FF5B32452A6029310030E5FB /* LaunchScreen.storyboard */,
				FF5B32482A6029310030E5FB /* Info.plist */,
			);
			path = Kosher_in_Korea;
			sourceTree = "<group>";
		};
		FF78457C2A66FA4600E2A663 /* Home */ = {
			isa = PBXGroup;
			children = (
				FF78457F2A66FA5F00E2A663 /* Model */,
				FF78457E2A66FA5B00E2A663 /* View */,
				FF78457D2A66FA5100E2A663 /* Controller */,
			);
			path = Home;
			sourceTree = "<group>";
		};
		FF78457D2A66FA5100E2A663 /* Controller */ = {
			isa = PBXGroup;
			children = (
				FF8408BE2A86515F00216CDE /* LoginVC.swift */,
				FF8408C02A86516A00216CDE /* Login_Checkbox.swift */,
				FF5B323E2A6029300030E5FB /* HomeVC.swift */,
				FF390B1B2A80B7C30011D973 /* RestaurantVC.swift */,
				FF8408C62A867C1300216CDE /* RestaurantDetailsVC.swift */,
				FF390B1D2A80CC590011D973 /* SelectionOptionVC.swift */,
				FF390B2C2A8141050011D973 /* MyCartVC.swift */,
				FF3F71CD2A60605300067530 /* AddressSearchVC.swift */,
				FF8408C42A86765300216CDE /* ProductOrderVC.swift */,
				FF57933E2A611C4000FA65D5 /* OrderVC.swift */,
				FFD5E5F22A6BE37A00C95FEE /* ReservationVC.swift */,
				FF5B32542A602A8C0030E5FB /* DateSelectVC.swift */,
				FF3F71B22A603F7A00067530 /* SearchVC.swift */,
				D56355342A86A24600BF62B7 /* AccountVC.swift */,
				D5F355C52A8A163700BA70F7 /* FinalReservationVC.swift */,
			);
			path = Controller;
			sourceTree = "<group>";
		};
		FF78457E2A66FA5B00E2A663 /* View */ = {
			isa = PBXGroup;
			children = (
				FF5B32402A6029300030E5FB /* Main.storyboard */,
				FF8408BC2A86513B00216CDE /* Login.storyboard */,
				FF8408C22A865D2000216CDE /* Reservation.storyboard */,
				FF78457A2A666B9900E2A663 /* RestaurantCell.swift */,
				FF390B2E2A81583A0011D973 /* MyCartCell.swift */,
				FF5B84F82A756D150023818F /* ProductCell.swift */,
			);
			path = View;
			sourceTree = "<group>";
		};
		FF78457F2A66FA5F00E2A663 /* Model */ = {
			isa = PBXGroup;
			children = (
				FF7845782A666A9300E2A663 /* RestaurantData.swift */,
				FF46E5062A855ACB00E40994 /* MyCartData.swift */,
				FF46E5042A8552A500E40994 /* ReservationData.swift */,
				FF5B84FA2A756D330023818F /* ProductData.swift */,
				FFB6721B2A6A959800A1269B /* HomeData.swift */,
			);
			path = Model;
			sourceTree = "<group>";
		};
/* End PBXGroup section */

/* Begin PBXNativeTarget section */
		FF5B32362A6029300030E5FB /* Kosher_in_Korea */ = {
			isa = PBXNativeTarget;
			buildConfigurationList = FF5B324B2A6029310030E5FB /* Build configuration list for PBXNativeTarget "Kosher_in_Korea" */;
			buildPhases = (
				1B9C101481B1FB669643D182 /* [CP] Check Pods Manifest.lock */,
				FF5B32332A6029300030E5FB /* Sources */,
				FF5B32342A6029300030E5FB /* Frameworks */,
				FF5B32352A6029300030E5FB /* Resources */,
				6086CF16A95E6FDE0975CB3D /* [CP] Embed Pods Frameworks */,
			);
			buildRules = (
			);
			dependencies = (
			);
			name = Kosher_in_Korea;
			packageProductDependencies = (
				7374D27A2A7BF65200D22D37 /* FacebookAEM */,
				7374D27C2A7BF65200D22D37 /* FacebookBasics */,
				7374D27E2A7BF65200D22D37 /* FacebookCore */,
				7374D2802A7BF65200D22D37 /* FacebookLogin */,
				7374D2822A7BF65200D22D37 /* FacebookShare */,
				7374D2852A7BF66700D22D37 /* GoogleSignIn */,
				7374D2872A7BF66700D22D37 /* GoogleSignInSwift */,
				FF46E5022A85509D00E40994 /* Alamofire */,
			);
			productName = Kosher_in_Korea;
			productReference = FF5B32372A6029300030E5FB /* Kosher_in_Korea.app */;
			productType = "com.apple.product-type.application";
		};
/* End PBXNativeTarget section */

/* Begin PBXProject section */
		FF5B322F2A6029300030E5FB /* Project object */ = {
			isa = PBXProject;
			attributes = {
				BuildIndependentTargetsInParallel = 1;
				LastSwiftUpdateCheck = 1430;
				LastUpgradeCheck = 1430;
				TargetAttributes = {
					FF5B32362A6029300030E5FB = {
						CreatedOnToolsVersion = 14.3.1;
					};
				};
			};
			buildConfigurationList = FF5B32322A6029300030E5FB /* Build configuration list for PBXProject "Kosher_in_Korea" */;
			compatibilityVersion = "Xcode 14.0";
			developmentRegion = en;
			hasScannedForEncodings = 0;
			knownRegions = (
				en,
				Base,
			);
			mainGroup = FF5B322E2A6029300030E5FB;
			packageReferences = (
				7374D2792A7BF65200D22D37 /* XCRemoteSwiftPackageReference "facebook-ios-sdk" */,
				7374D2842A7BF66700D22D37 /* XCRemoteSwiftPackageReference "GoogleSignIn-iOS" */,
				FF46E5012A85509D00E40994 /* XCRemoteSwiftPackageReference "Alamofire" */,
			);
			productRefGroup = FF5B32382A6029300030E5FB /* Products */;
			projectDirPath = "";
			projectRoot = "";
			targets = (
				FF5B32362A6029300030E5FB /* Kosher_in_Korea */,
			);
		};
/* End PBXProject section */

/* Begin PBXResourcesBuildPhase section */
		FF5B32352A6029300030E5FB /* Resources */ = {
			isa = PBXResourcesBuildPhase;
			buildActionMask = 2147483647;
			files = (
				FF8408C32A865D2000216CDE /* Reservation.storyboard in Resources */,
				FF5B32472A6029310030E5FB /* LaunchScreen.storyboard in Resources */,
				FF390B202A80F2E60011D973 /* Payment.storyboard in Resources */,
				FF5B32442A6029310030E5FB /* Assets.xcassets in Resources */,
				FF5B32422A6029300030E5FB /* Main.storyboard in Resources */,
				FF8408BD2A86513B00216CDE /* Login.storyboard in Resources */,
			);
			runOnlyForDeploymentPostprocessing = 0;
		};
/* End PBXResourcesBuildPhase section */

/* Begin PBXShellScriptBuildPhase section */
		1B9C101481B1FB669643D182 /* [CP] Check Pods Manifest.lock */ = {
			isa = PBXShellScriptBuildPhase;
			buildActionMask = 2147483647;
			files = (
			);
			inputFileListPaths = (
			);
			inputPaths = (
				"${PODS_PODFILE_DIR_PATH}/Podfile.lock",
				"${PODS_ROOT}/Manifest.lock",
			);
			name = "[CP] Check Pods Manifest.lock";
			outputFileListPaths = (
			);
			outputPaths = (
				"$(DERIVED_FILE_DIR)/Pods-Kosher_in_Korea-checkManifestLockResult.txt",
			);
			runOnlyForDeploymentPostprocessing = 0;
			shellPath = /bin/sh;
			shellScript = "diff \"${PODS_PODFILE_DIR_PATH}/Podfile.lock\" \"${PODS_ROOT}/Manifest.lock\" > /dev/null\nif [ $? != 0 ] ; then\n    # print error to STDERR\n    echo \"error: The sandbox is not in sync with the Podfile.lock. Run 'pod install' or update your CocoaPods installation.\" >&2\n    exit 1\nfi\n# This output is used by Xcode 'outputs' to avoid re-running this script phase.\necho \"SUCCESS\" > \"${SCRIPT_OUTPUT_FILE_0}\"\n";
			showEnvVarsInLog = 0;
		};
		6086CF16A95E6FDE0975CB3D /* [CP] Embed Pods Frameworks */ = {
			isa = PBXShellScriptBuildPhase;
			buildActionMask = 2147483647;
			files = (
			);
			inputFileListPaths = (
				"${PODS_ROOT}/Target Support Files/Pods-Kosher_in_Korea/Pods-Kosher_in_Korea-frameworks-${CONFIGURATION}-input-files.xcfilelist",
			);
			name = "[CP] Embed Pods Frameworks";
			outputFileListPaths = (
				"${PODS_ROOT}/Target Support Files/Pods-Kosher_in_Korea/Pods-Kosher_in_Korea-frameworks-${CONFIGURATION}-output-files.xcfilelist",
			);
			runOnlyForDeploymentPostprocessing = 0;
			shellPath = /bin/sh;
			shellScript = "\"${PODS_ROOT}/Target Support Files/Pods-Kosher_in_Korea/Pods-Kosher_in_Korea-frameworks.sh\"\n";
			showEnvVarsInLog = 0;
		};
/* End PBXShellScriptBuildPhase section */

/* Begin PBXSourcesBuildPhase section */
		FF5B32332A6029300030E5FB /* Sources */ = {
			isa = PBXSourcesBuildPhase;
			buildActionMask = 2147483647;
			files = (
				FF46E5052A8552A500E40994 /* ReservationData.swift in Sources */,
				FF3F71B32A603F7A00067530 /* SearchVC.swift in Sources */,
				FF5B323F2A6029300030E5FB /* HomeVC.swift in Sources */,
				FF390B2F2A81583A0011D973 /* MyCartCell.swift in Sources */,
				FF390B2B2A8122400011D973 /* ProductDelegate.swift in Sources */,
				FF5B323B2A6029300030E5FB /* AppDelegate.swift in Sources */,
				D5F355C62A8A163700BA70F7 /* FinalReservationVC.swift in Sources */,
				FFD5E5F32A6BE37A00C95FEE /* ReservationVC.swift in Sources */,
				FF390B1E2A80CC590011D973 /* SelectionOptionVC.swift in Sources */,
				FFB6721C2A6A959800A1269B /* HomeData.swift in Sources */,
				FF390B1C2A80B7C30011D973 /* RestaurantVC.swift in Sources */,
				FF390B292A8108380011D973 /* OrderSheetVC.swift in Sources */,
				FF3F71C62A605A7800067530 /* VCData.swift in Sources */,
				FF46E5072A855ACB00E40994 /* MyCartData.swift in Sources */,
				FF5B32552A602A8C0030E5FB /* DateSelectVC.swift in Sources */,
				FF5B84FB2A756D330023818F /* ProductData.swift in Sources */,
				FF78457B2A666B9900E2A663 /* RestaurantCell.swift in Sources */,
				FF8408C72A867C1300216CDE /* RestaurantDetailsVC.swift in Sources */,
				FF8408C12A86516A00216CDE /* Login_Checkbox.swift in Sources */,
				FF5B323D2A6029300030E5FB /* SceneDelegate.swift in Sources */,
				FF57933F2A611C4000FA65D5 /* OrderVC.swift in Sources */,
				FF7845792A666A9300E2A663 /* RestaurantData.swift in Sources */,
				FF390B2D2A8141050011D973 /* MyCartVC.swift in Sources */,
				FF3F71C42A6056F200067530 /* StackNavigation.swift in Sources */,
				FF8408BF2A86515F00216CDE /* LoginVC.swift in Sources */,
				FF5B84F92A756D150023818F /* ProductCell.swift in Sources */,
				FF8408C52A86765300216CDE /* ProductOrderVC.swift in Sources */,
				FF390B222A80F2F30011D973 /* PaymentVC.swift in Sources */,
				D56355352A86A24600BF62B7 /* AccountVC.swift in Sources */,
				FF3F71CE2A60605300067530 /* AddressSearchVC.swift in Sources */,
			);
			runOnlyForDeploymentPostprocessing = 0;
		};
/* End PBXSourcesBuildPhase section */

/* Begin PBXVariantGroup section */
		FF5B32402A6029300030E5FB /* Main.storyboard */ = {
			isa = PBXVariantGroup;
			children = (
				FF5B32412A6029300030E5FB /* Base */,
			);
			name = Main.storyboard;
			sourceTree = "<group>";
		};
		FF5B32452A6029310030E5FB /* LaunchScreen.storyboard */ = {
			isa = PBXVariantGroup;
			children = (
				FF5B32462A6029310030E5FB /* Base */,
			);
			name = LaunchScreen.storyboard;
			sourceTree = "<group>";
		};
/* End PBXVariantGroup section */

/* Begin XCBuildConfiguration section */
		FF5B32492A6029310030E5FB /* Debug */ = {
			isa = XCBuildConfiguration;
			buildSettings = {
				ALWAYS_SEARCH_USER_PATHS = NO;
				CLANG_ANALYZER_NONNULL = YES;
				CLANG_ANALYZER_NUMBER_OBJECT_CONVERSION = YES_AGGRESSIVE;
				CLANG_CXX_LANGUAGE_STANDARD = "gnu++20";
				CLANG_ENABLE_MODULES = YES;
				CLANG_ENABLE_OBJC_ARC = YES;
				CLANG_ENABLE_OBJC_WEAK = YES;
				CLANG_WARN_BLOCK_CAPTURE_AUTORELEASING = YES;
				CLANG_WARN_BOOL_CONVERSION = YES;
				CLANG_WARN_COMMA = YES;
				CLANG_WARN_CONSTANT_CONVERSION = YES;
				CLANG_WARN_DEPRECATED_OBJC_IMPLEMENTATIONS = YES;
				CLANG_WARN_DIRECT_OBJC_ISA_USAGE = YES_ERROR;
				CLANG_WARN_DOCUMENTATION_COMMENTS = YES;
				CLANG_WARN_EMPTY_BODY = YES;
				CLANG_WARN_ENUM_CONVERSION = YES;
				CLANG_WARN_INFINITE_RECURSION = YES;
				CLANG_WARN_INT_CONVERSION = YES;
				CLANG_WARN_NON_LITERAL_NULL_CONVERSION = YES;
				CLANG_WARN_OBJC_IMPLICIT_RETAIN_SELF = YES;
				CLANG_WARN_OBJC_LITERAL_CONVERSION = YES;
				CLANG_WARN_OBJC_ROOT_CLASS = YES_ERROR;
				CLANG_WARN_QUOTED_INCLUDE_IN_FRAMEWORK_HEADER = YES;
				CLANG_WARN_RANGE_LOOP_ANALYSIS = YES;
				CLANG_WARN_STRICT_PROTOTYPES = YES;
				CLANG_WARN_SUSPICIOUS_MOVE = YES;
				CLANG_WARN_UNGUARDED_AVAILABILITY = YES_AGGRESSIVE;
				CLANG_WARN_UNREACHABLE_CODE = YES;
				CLANG_WARN__DUPLICATE_METHOD_MATCH = YES;
				COPY_PHASE_STRIP = NO;
				DEBUG_INFORMATION_FORMAT = dwarf;
				ENABLE_STRICT_OBJC_MSGSEND = YES;
				ENABLE_TESTABILITY = YES;
				GCC_C_LANGUAGE_STANDARD = gnu11;
				GCC_DYNAMIC_NO_PIC = NO;
				GCC_NO_COMMON_BLOCKS = YES;
				GCC_OPTIMIZATION_LEVEL = 0;
				GCC_PREPROCESSOR_DEFINITIONS = (
					"DEBUG=1",
					"$(inherited)",
				);
				GCC_WARN_64_TO_32_BIT_CONVERSION = YES;
				GCC_WARN_ABOUT_RETURN_TYPE = YES_ERROR;
				GCC_WARN_UNDECLARED_SELECTOR = YES;
				GCC_WARN_UNINITIALIZED_AUTOS = YES_AGGRESSIVE;
				GCC_WARN_UNUSED_FUNCTION = YES;
				GCC_WARN_UNUSED_VARIABLE = YES;
				IPHONEOS_DEPLOYMENT_TARGET = 16.4;
				MTL_ENABLE_DEBUG_INFO = INCLUDE_SOURCE;
				MTL_FAST_MATH = YES;
				ONLY_ACTIVE_ARCH = YES;
				SDKROOT = iphoneos;
				SWIFT_ACTIVE_COMPILATION_CONDITIONS = DEBUG;
				SWIFT_OPTIMIZATION_LEVEL = "-Onone";
			};
			name = Debug;
		};
		FF5B324A2A6029310030E5FB /* Release */ = {
			isa = XCBuildConfiguration;
			buildSettings = {
				ALWAYS_SEARCH_USER_PATHS = NO;
				CLANG_ANALYZER_NONNULL = YES;
				CLANG_ANALYZER_NUMBER_OBJECT_CONVERSION = YES_AGGRESSIVE;
				CLANG_CXX_LANGUAGE_STANDARD = "gnu++20";
				CLANG_ENABLE_MODULES = YES;
				CLANG_ENABLE_OBJC_ARC = YES;
				CLANG_ENABLE_OBJC_WEAK = YES;
				CLANG_WARN_BLOCK_CAPTURE_AUTORELEASING = YES;
				CLANG_WARN_BOOL_CONVERSION = YES;
				CLANG_WARN_COMMA = YES;
				CLANG_WARN_CONSTANT_CONVERSION = YES;
				CLANG_WARN_DEPRECATED_OBJC_IMPLEMENTATIONS = YES;
				CLANG_WARN_DIRECT_OBJC_ISA_USAGE = YES_ERROR;
				CLANG_WARN_DOCUMENTATION_COMMENTS = YES;
				CLANG_WARN_EMPTY_BODY = YES;
				CLANG_WARN_ENUM_CONVERSION = YES;
				CLANG_WARN_INFINITE_RECURSION = YES;
				CLANG_WARN_INT_CONVERSION = YES;
				CLANG_WARN_NON_LITERAL_NULL_CONVERSION = YES;
				CLANG_WARN_OBJC_IMPLICIT_RETAIN_SELF = YES;
				CLANG_WARN_OBJC_LITERAL_CONVERSION = YES;
				CLANG_WARN_OBJC_ROOT_CLASS = YES_ERROR;
				CLANG_WARN_QUOTED_INCLUDE_IN_FRAMEWORK_HEADER = YES;
				CLANG_WARN_RANGE_LOOP_ANALYSIS = YES;
				CLANG_WARN_STRICT_PROTOTYPES = YES;
				CLANG_WARN_SUSPICIOUS_MOVE = YES;
				CLANG_WARN_UNGUARDED_AVAILABILITY = YES_AGGRESSIVE;
				CLANG_WARN_UNREACHABLE_CODE = YES;
				CLANG_WARN__DUPLICATE_METHOD_MATCH = YES;
				COPY_PHASE_STRIP = NO;
				DEBUG_INFORMATION_FORMAT = "dwarf-with-dsym";
				ENABLE_NS_ASSERTIONS = NO;
				ENABLE_STRICT_OBJC_MSGSEND = YES;
				GCC_C_LANGUAGE_STANDARD = gnu11;
				GCC_NO_COMMON_BLOCKS = YES;
				GCC_WARN_64_TO_32_BIT_CONVERSION = YES;
				GCC_WARN_ABOUT_RETURN_TYPE = YES_ERROR;
				GCC_WARN_UNDECLARED_SELECTOR = YES;
				GCC_WARN_UNINITIALIZED_AUTOS = YES_AGGRESSIVE;
				GCC_WARN_UNUSED_FUNCTION = YES;
				GCC_WARN_UNUSED_VARIABLE = YES;
				IPHONEOS_DEPLOYMENT_TARGET = 16.4;
				MTL_ENABLE_DEBUG_INFO = NO;
				MTL_FAST_MATH = YES;
				SDKROOT = iphoneos;
				SWIFT_COMPILATION_MODE = wholemodule;
				SWIFT_OPTIMIZATION_LEVEL = "-O";
				VALIDATE_PRODUCT = YES;
			};
			name = Release;
		};
		FF5B324C2A6029310030E5FB /* Debug */ = {
			isa = XCBuildConfiguration;
			baseConfigurationReference = 22B5FDF27EB157D797032779 /* Pods-Kosher_in_Korea.debug.xcconfig */;
			buildSettings = {
				ASSETCATALOG_COMPILER_APPICON_NAME = AppIcon;
				ASSETCATALOG_COMPILER_GLOBAL_ACCENT_COLOR_NAME = AccentColor;
				CODE_SIGN_STYLE = Automatic;
				CURRENT_PROJECT_VERSION = 1;
				DEVELOPMENT_TEAM = U6NUHA5DNR;
				GENERATE_INFOPLIST_FILE = YES;
				INFOPLIST_FILE = Kosher_in_Korea/Info.plist;
				INFOPLIST_KEY_UIApplicationSupportsIndirectInputEvents = YES;
				INFOPLIST_KEY_UILaunchStoryboardName = LaunchScreen;
				INFOPLIST_KEY_UIMainStoryboardFile = Main;
				INFOPLIST_KEY_UISupportedInterfaceOrientations_iPad = "UIInterfaceOrientationPortrait UIInterfaceOrientationPortraitUpsideDown UIInterfaceOrientationLandscapeLeft UIInterfaceOrientationLandscapeRight";
				INFOPLIST_KEY_UISupportedInterfaceOrientations_iPhone = "UIInterfaceOrientationPortrait UIInterfaceOrientationLandscapeLeft UIInterfaceOrientationLandscapeRight";
				LD_RUNPATH_SEARCH_PATHS = (
					"$(inherited)",
					"@executable_path/Frameworks",
				);
				MARKETING_VERSION = 1.0;
				PRODUCT_BUNDLE_IDENTIFIER = "pr.Kosher-in-Korea";
				PRODUCT_NAME = "$(TARGET_NAME)";
				SWIFT_EMIT_LOC_STRINGS = YES;
				SWIFT_VERSION = 5.0;
				TARGETED_DEVICE_FAMILY = "1,2";
			};
			name = Debug;
		};
		FF5B324D2A6029310030E5FB /* Release */ = {
			isa = XCBuildConfiguration;
			baseConfigurationReference = 518FF1A28463CBCD56ACB3C8 /* Pods-Kosher_in_Korea.release.xcconfig */;
			buildSettings = {
				ASSETCATALOG_COMPILER_APPICON_NAME = AppIcon;
				ASSETCATALOG_COMPILER_GLOBAL_ACCENT_COLOR_NAME = AccentColor;
				CODE_SIGN_STYLE = Automatic;
				CURRENT_PROJECT_VERSION = 1;
				DEVELOPMENT_TEAM = U6NUHA5DNR;
				GENERATE_INFOPLIST_FILE = YES;
				INFOPLIST_FILE = Kosher_in_Korea/Info.plist;
				INFOPLIST_KEY_UIApplicationSupportsIndirectInputEvents = YES;
				INFOPLIST_KEY_UILaunchStoryboardName = LaunchScreen;
				INFOPLIST_KEY_UIMainStoryboardFile = Main;
				INFOPLIST_KEY_UISupportedInterfaceOrientations_iPad = "UIInterfaceOrientationPortrait UIInterfaceOrientationPortraitUpsideDown UIInterfaceOrientationLandscapeLeft UIInterfaceOrientationLandscapeRight";
				INFOPLIST_KEY_UISupportedInterfaceOrientations_iPhone = "UIInterfaceOrientationPortrait UIInterfaceOrientationLandscapeLeft UIInterfaceOrientationLandscapeRight";
				LD_RUNPATH_SEARCH_PATHS = (
					"$(inherited)",
					"@executable_path/Frameworks",
				);
				MARKETING_VERSION = 1.0;
				PRODUCT_BUNDLE_IDENTIFIER = "pr.Kosher-in-Korea";
				PRODUCT_NAME = "$(TARGET_NAME)";
				SWIFT_EMIT_LOC_STRINGS = YES;
				SWIFT_VERSION = 5.0;
				TARGETED_DEVICE_FAMILY = "1,2";
			};
			name = Release;
		};
/* End XCBuildConfiguration section */

/* Begin XCConfigurationList section */
		FF5B32322A6029300030E5FB /* Build configuration list for PBXProject "Kosher_in_Korea" */ = {
			isa = XCConfigurationList;
			buildConfigurations = (
				FF5B32492A6029310030E5FB /* Debug */,
				FF5B324A2A6029310030E5FB /* Release */,
			);
			defaultConfigurationIsVisible = 0;
			defaultConfigurationName = Release;
		};
		FF5B324B2A6029310030E5FB /* Build configuration list for PBXNativeTarget "Kosher_in_Korea" */ = {
			isa = XCConfigurationList;
			buildConfigurations = (
				FF5B324C2A6029310030E5FB /* Debug */,
				FF5B324D2A6029310030E5FB /* Release */,
			);
			defaultConfigurationIsVisible = 0;
			defaultConfigurationName = Release;
		};
/* End XCConfigurationList section */

/* Begin XCRemoteSwiftPackageReference section */
		7374D2792A7BF65200D22D37 /* XCRemoteSwiftPackageReference "facebook-ios-sdk" */ = {
			isa = XCRemoteSwiftPackageReference;
			repositoryURL = "https://github.com/facebook/facebook-ios-sdk";
			requirement = {
				kind = upToNextMajorVersion;
				minimumVersion = 14.0.0;
			};
		};
		7374D2842A7BF66700D22D37 /* XCRemoteSwiftPackageReference "GoogleSignIn-iOS" */ = {
			isa = XCRemoteSwiftPackageReference;
			repositoryURL = "https://github.com/google/GoogleSignIn-iOS";
			requirement = {
				kind = upToNextMajorVersion;
				minimumVersion = 7.0.0;
			};
		};
		FF46E5012A85509D00E40994 /* XCRemoteSwiftPackageReference "Alamofire" */ = {
			isa = XCRemoteSwiftPackageReference;
			repositoryURL = "https://github.com/Alamofire/Alamofire.git";
			requirement = {
				kind = upToNextMajorVersion;
				minimumVersion = 5.0.0;
			};
		};
/* End XCRemoteSwiftPackageReference section */

/* Begin XCSwiftPackageProductDependency section */
		7374D27A2A7BF65200D22D37 /* FacebookAEM */ = {
			isa = XCSwiftPackageProductDependency;
			package = 7374D2792A7BF65200D22D37 /* XCRemoteSwiftPackageReference "facebook-ios-sdk" */;
			productName = FacebookAEM;
		};
		7374D27C2A7BF65200D22D37 /* FacebookBasics */ = {
			isa = XCSwiftPackageProductDependency;
			package = 7374D2792A7BF65200D22D37 /* XCRemoteSwiftPackageReference "facebook-ios-sdk" */;
			productName = FacebookBasics;
		};
		7374D27E2A7BF65200D22D37 /* FacebookCore */ = {
			isa = XCSwiftPackageProductDependency;
			package = 7374D2792A7BF65200D22D37 /* XCRemoteSwiftPackageReference "facebook-ios-sdk" */;
			productName = FacebookCore;
		};
		7374D2802A7BF65200D22D37 /* FacebookLogin */ = {
			isa = XCSwiftPackageProductDependency;
			package = 7374D2792A7BF65200D22D37 /* XCRemoteSwiftPackageReference "facebook-ios-sdk" */;
			productName = FacebookLogin;
		};
		7374D2822A7BF65200D22D37 /* FacebookShare */ = {
			isa = XCSwiftPackageProductDependency;
			package = 7374D2792A7BF65200D22D37 /* XCRemoteSwiftPackageReference "facebook-ios-sdk" */;
			productName = FacebookShare;
		};
		7374D2852A7BF66700D22D37 /* GoogleSignIn */ = {
			isa = XCSwiftPackageProductDependency;
			package = 7374D2842A7BF66700D22D37 /* XCRemoteSwiftPackageReference "GoogleSignIn-iOS" */;
			productName = GoogleSignIn;
		};
		7374D2872A7BF66700D22D37 /* GoogleSignInSwift */ = {
			isa = XCSwiftPackageProductDependency;
			package = 7374D2842A7BF66700D22D37 /* XCRemoteSwiftPackageReference "GoogleSignIn-iOS" */;
			productName = GoogleSignInSwift;
		};
		FF46E5022A85509D00E40994 /* Alamofire */ = {
			isa = XCSwiftPackageProductDependency;
			package = FF46E5012A85509D00E40994 /* XCRemoteSwiftPackageReference "Alamofire" */;
			productName = Alamofire;
		};
/* End XCSwiftPackageProductDependency section */
	};
	rootObject = FF5B322F2A6029300030E5FB /* Project object */;
}
